{
  "pins" : [
    {
      "identity" : "ios-videeo",
      "kind" : "remoteSourceControl",
      "location" : "https://github.com/CommentSold/iOS-Videeo",
      "state" : {
        "branch" : "main",
        "revision" : "8b71a454f2adb4241d3faee2f3fc7d59d6635a0e"
      }
    }
  ],
  "version" : 2
}
