{
  "pins" : [
    {
      "identity" : "ios-videeo",
      "kind" : "remoteSourceControl",
      "location" : "https://github.com/CommentSold/iOS-Videeo",
      "state" : {
        "branch" : "main",
        "revision" : "b92495849287d8c4383e1032b32c7b5b71083d81"
      }
    }
  ],
  "version" : 2
}
